<Solution>
  <Folder Name="/src/">
    <Project Path="Swarmer.Domain/Swarmer.Domain.csproj" />
    <Project Path="Swarmer.Web.Client/Swarmer.Web.Client.csproj" />
    <Project Path="Swarmer.Web.Server/Swarmer.Web.Server.csproj">
      <BuildDependency Project="Swarmer.Domain/Swarmer.Domain.csproj" />
    </Project>
  </Folder>
  <Folder Name="/tests/">
    <Project Path="Swarmer.UnitTests/Swarmer.UnitTests.csproj" />
  </Folder>
</Solution>
